
Microsoft Visual Studio Solution File, Format Version 12.00
# Visual Studio 15
VisualStudioVersion = 15.0.28010.2016
MinimumVisualStudioVersion = 10.0.40219.1
Project("{FAE04EC0-301F-11D3-BF4B-00C04F79EFBC}") = "Kort", "Kort\Kort.csproj", "{B7D287AA-2400-440F-9370-8BD6960635A9}"
EndProject
Global
	GlobalSection(SolutionConfigurationPlatforms) = preSolution
		Debug|Any CPU = Debug|Any CPU
		Release|Any CPU = Release|Any CPU
	EndGlobalSection
	GlobalSection(ProjectConfigurationPlatforms) = postSolution
		{B7D287AA-2400-440F-9370-8BD6960635A9}.Debug|Any CPU.ActiveCfg = Debug|Any CPU
		{B7D287AA-2400-440F-9370-8BD6960635A9}.Debug|Any CPU.Build.0 = Debug|Any CPU
		{B7D287AA-2400-440F-9370-8BD6960635A9}.Release|Any CPU.ActiveCfg = Release|Any CPU
		{B7D287AA-2400-440F-9370-8BD6960635A9}.Release|Any CPU.Build.0 = Release|Any CPU
	EndGlobalSection
	GlobalSection(SolutionProperties) = preSolution
		HideSolutionNode = FALSE
	EndGlobalSection
	GlobalSection(ExtensibilityGlobals) = postSolution
		SolutionGuid = {6D9EB9EF-7B43-4F53-916A-465855FCB8AD}
	EndGlobalSection
EndGlobal
